{
  "name": "compose-fluent-starter",
  "version": "unspecified",
  "lockfileVersion": 3,
  "requires": true,
  "packages": {
    "": {
      "name": "compose-fluent-starter",
      "version": "unspecified",
      "workspaces": [
        "packages/compose-fluent-starter-apps-demo",
        "packages/compose-fluent-starter-apps-demo-test",
        "packages/fluent-starter",
        "packages/fluent-starter-test",
        "packages/compose-fluent-starter-core-common",
        "packages/compose-fluent-starter-core-common-test",
        "packages/compose-fluent-starter-core-designsystem",
        "packages/compose-fluent-starter-core-designsystem-test",
        "packages/compose-fluent-starter-core-network",
        "packages/compose-fluent-starter-core-network-test",
        "packages/compose-fluent-starter-core-presentation",
        "packages/compose-fluent-starter-core-presentation-test",
        "packages/compose-fluent-starter-core-storage",
        "packages/compose-fluent-starter-core-storage-test",
        "packages/compose-fluent-starter-core-identity-data",
        "packages/compose-fluent-starter-core-identity-data-test",
        "packages/compose-fluent-starter-core-identity-domain",
        "packages/compose-fluent-starter-core-identity-domain-test",
        "packages/compose-fluent-starter-features-auth-presentation",
        "packages/compose-fluent-starter-features-auth-presentation-test",
        "packages/compose-fluent-starter-features-dashboard-data",
        "packages/compose-fluent-starter-features-dashboard-data-test",
        "packages/compose-fluent-starter-features-dashboard-domain",
        "packages/compose-fluent-starter-features-dashboard-domain-test",
        "packages/compose-fluent-starter-features-dashboard-presentation",
        "packages/compose-fluent-starter-features-dashboard-presentation-test",
        "packages/compose-fluent-starter-features-onboarding-data",
        "packages/compose-fluent-starter-features-onboarding-data-test",
        "packages/compose-fluent-starter-features-onboarding-domain",
        "packages/compose-fluent-starter-features-onboarding-domain-test",
        "packages/compose-fluent-starter-features-onboarding-presentation",
        "packages/compose-fluent-starter-features-onboarding-presentation-test",
        "packages_imported/ktor-ktor-client-core/3.3.1",
        "packages_imported/skiko-wasm-js/0.9.22-2",
        "packages_imported/skiko-js-wasm-runtime/0.9.22-2",
        "packages_imported/Kotlin-DateTime-library-kotlinx-datetime-wasm-js/0.7.1"
      ],
      "devDependencies": {}
    },
    "node_modules/@js-joda/core": {
      "version": "3.2.0",
      "resolved": "https://registry.npmjs.org/@js-joda/core/-/core-3.2.0.tgz",
      "integrity": "sha512-PMqgJ0sw5B7FKb2d5bWYIoxjri+QlW/Pys7+Rw82jSH0QN3rB05jZ/VrrsUdh1w4+i2kw9JOejXGq/KhDOX7Kg==",
      "license": "BSD-3-Clause"
    },
    "node_modules/compose-fluent-starter-apps-demo": {
      "resolved": "packages/compose-fluent-starter-apps-demo",
      "link": true
    },
    "node_modules/compose-fluent-starter-apps-demo-test": {
      "resolved": "packages/compose-fluent-starter-apps-demo-test",
      "link": true
    },
    "node_modules/compose-fluent-starter-core-common": {
      "resolved": "packages/compose-fluent-starter-core-common",
      "link": true
    },
    "node_modules/compose-fluent-starter-core-common-test": {
      "resolved": "packages/compose-fluent-starter-core-common-test",
      "link": true
    },
    "node_modules/compose-fluent-starter-core-designsystem": {
      "resolved": "packages/compose-fluent-starter-core-designsystem",
      "link": true
    },
    "node_modules/compose-fluent-starter-core-designsystem-test": {
      "resolved": "packages/compose-fluent-starter-core-designsystem-test",
      "link": true
    },
    "node_modules/compose-fluent-starter-core-identity-data": {
      "resolved": "packages/compose-fluent-starter-core-identity-data",
      "link": true
    },
    "node_modules/compose-fluent-starter-core-identity-data-test": {
      "resolved": "packages/compose-fluent-starter-core-identity-data-test",
      "link": true
    },
    "node_modules/compose-fluent-starter-core-identity-domain": {
      "resolved": "packages/compose-fluent-starter-core-identity-domain",
      "link": true
    },
    "node_modules/compose-fluent-starter-core-identity-domain-test": {
      "resolved": "packages/compose-fluent-starter-core-identity-domain-test",
      "link": true
    },
    "node_modules/compose-fluent-starter-core-network": {
      "resolved": "packages/compose-fluent-starter-core-network",
      "link": true
    },
    "node_modules/compose-fluent-starter-core-network-test": {
      "resolved": "packages/compose-fluent-starter-core-network-test",
      "link": true
    },
    "node_modules/compose-fluent-starter-core-presentation": {
      "resolved": "packages/compose-fluent-starter-core-presentation",
      "link": true
    },
    "node_modules/compose-fluent-starter-core-presentation-test": {
      "resolved": "packages/compose-fluent-starter-core-presentation-test",
      "link": true
    },
    "node_modules/compose-fluent-starter-core-storage": {
      "resolved": "packages/compose-fluent-starter-core-storage",
      "link": true
    },
    "node_modules/compose-fluent-starter-core-storage-test": {
      "resolved": "packages/compose-fluent-starter-core-storage-test",
      "link": true
    },
    "node_modules/compose-fluent-starter-features-auth-presentation": {
      "resolved": "packages/compose-fluent-starter-features-auth-presentation",
      "link": true
    },
    "node_modules/compose-fluent-starter-features-auth-presentation-test": {
      "resolved": "packages/compose-fluent-starter-features-auth-presentation-test",
      "link": true
    },
    "node_modules/compose-fluent-starter-features-dashboard-data": {
      "resolved": "packages/compose-fluent-starter-features-dashboard-data",
      "link": true
    },
    "node_modules/compose-fluent-starter-features-dashboard-data-test": {
      "resolved": "packages/compose-fluent-starter-features-dashboard-data-test",
      "link": true
    },
    "node_modules/compose-fluent-starter-features-dashboard-domain": {
      "resolved": "packages/compose-fluent-starter-features-dashboard-domain",
      "link": true
    },
    "node_modules/compose-fluent-starter-features-dashboard-domain-test": {
      "resolved": "packages/compose-fluent-starter-features-dashboard-domain-test",
      "link": true
    },
    "node_modules/compose-fluent-starter-features-dashboard-presentation": {
      "resolved": "packages/compose-fluent-starter-features-dashboard-presentation",
      "link": true
    },
    "node_modules/compose-fluent-starter-features-dashboard-presentation-test": {
      "resolved": "packages/compose-fluent-starter-features-dashboard-presentation-test",
      "link": true
    },
    "node_modules/compose-fluent-starter-features-onboarding-data": {
      "resolved": "packages/compose-fluent-starter-features-onboarding-data",
      "link": true
    },
    "node_modules/compose-fluent-starter-features-onboarding-data-test": {
      "resolved": "packages/compose-fluent-starter-features-onboarding-data-test",
      "link": true
    },
    "node_modules/compose-fluent-starter-features-onboarding-domain": {
      "resolved": "packages/compose-fluent-starter-features-onboarding-domain",
      "link": true
    },
    "node_modules/compose-fluent-starter-features-onboarding-domain-test": {
      "resolved": "packages/compose-fluent-starter-features-onboarding-domain-test",
      "link": true
    },
    "node_modules/compose-fluent-starter-features-onboarding-presentation": {
      "resolved": "packages/compose-fluent-starter-features-onboarding-presentation",
      "link": true
    },
    "node_modules/compose-fluent-starter-features-onboarding-presentation-test": {
      "resolved": "packages/compose-fluent-starter-features-onboarding-presentation-test",
      "link": true
    },
    "node_modules/fluent-starter": {
      "resolved": "packages/fluent-starter",
      "link": true
    },
    "node_modules/fluent-starter-test": {
      "resolved": "packages/fluent-starter-test",
      "link": true
    },
    "node_modules/Kotlin-DateTime-library-kotlinx-datetime-wasm-js": {
      "resolved": "packages_imported/Kotlin-DateTime-library-kotlinx-datetime-wasm-js/0.7.1",
      "link": true
    },
    "node_modules/ktor-ktor-client-core": {
      "resolved": "packages_imported/ktor-ktor-client-core/3.3.1",
      "link": true
    },
    "node_modules/skiko-js-wasm-runtime": {
      "resolved": "packages_imported/skiko-js-wasm-runtime/0.9.22-2",
      "link": true
    },
    "node_modules/skiko-wasm-js": {
      "resolved": "packages_imported/skiko-wasm-js/0.9.22-2",
      "link": true
    },
    "node_modules/ws": {
      "version": "8.18.3",
      "resolved": "https://registry.npmjs.org/ws/-/ws-8.18.3.tgz",
      "integrity": "sha512-PEIGCY5tSlUt50cqyMXfCzX+oOPqN0vuGqWzbcJ2xvnkzkq46oOpz7dQaTDBdfICb4N14+GARUDw2XV2N4tvzg==",
      "license": "MIT",
      "engines": {
        "node": ">=10.0.0"
      },
      "peerDependencies": {
        "bufferutil": "^4.0.1",
        "utf-8-validate": ">=5.0.2"
      },
      "peerDependenciesMeta": {
        "bufferutil": {
          "optional": true
        },
        "utf-8-validate": {
          "optional": true
        }
      }
    },
    "packages_imported/Kotlin-DateTime-library-kotlinx-datetime-wasm-js/0.7.1": {
      "name": "Kotlin-DateTime-library-kotlinx-datetime-wasm-js",
      "version": "0.7.1",
      "dependencies": {
        "@js-joda/core": "3.2.0"
      },
      "devDependencies": {}
    },
    "packages_imported/ktor-ktor-client-core/3.3.1": {
      "name": "ktor-ktor-client-core",
      "version": "3.3.1",
      "dependencies": {
        "ws": "8.18.3"
      },
      "devDependencies": {}
    },
    "packages_imported/skiko-js-wasm-runtime/0.9.22-2": {
      "name": "skiko-js-wasm-runtime",
      "version": "0.9.22-2",
      "devDependencies": {}
    },
    "packages_imported/skiko-wasm-js/0.9.22-2": {
      "name": "skiko-wasm-js",
      "version": "0.9.22-2",
      "devDependencies": {}
    },
    "packages/compose-fluent-starter-apps-demo": {
      "version": "0.0.0-unspecified",
      "dependencies": {
        "ws": "8.18.3"
      },
      "devDependencies": {}
    },
    "packages/compose-fluent-starter-apps-demo-test": {
      "version": "0.0.0-unspecified",
      "dependencies": {
        "ws": "8.18.3"
      },
      "devDependencies": {}
    },
    "packages/compose-fluent-starter-core-common": {
      "version": "0.0.0-unspecified",
      "devDependencies": {}
    },
    "packages/compose-fluent-starter-core-common-test": {
      "version": "0.0.0-unspecified",
      "devDependencies": {}
    },
    "packages/compose-fluent-starter-core-designsystem": {
      "version": "0.0.0-unspecified",
      "dependencies": {
        "@js-joda/core": "3.2.0"
      },
      "devDependencies": {}
    },
    "packages/compose-fluent-starter-core-designsystem-test": {
      "version": "0.0.0-unspecified",
      "dependencies": {
        "@js-joda/core": "3.2.0"
      },
      "devDependencies": {}
    },
    "packages/compose-fluent-starter-core-identity-data": {
      "version": "0.0.0-unspecified",
      "dependencies": {
        "ws": "8.18.3"
      },
      "devDependencies": {}
    },
    "packages/compose-fluent-starter-core-identity-data-test": {
      "version": "0.0.0-unspecified",
      "dependencies": {
        "ws": "8.18.3"
      },
      "devDependencies": {}
    },
    "packages/compose-fluent-starter-core-identity-domain": {
      "version": "0.0.0-unspecified",
      "devDependencies": {}
    },
    "packages/compose-fluent-starter-core-identity-domain-test": {
      "version": "0.0.0-unspecified",
      "devDependencies": {}
    },
    "packages/compose-fluent-starter-core-network": {
      "version": "0.0.0-unspecified",
      "dependencies": {
        "ws": "8.18.3"
      },
      "devDependencies": {}
    },
    "packages/compose-fluent-starter-core-network-test": {
      "version": "0.0.0-unspecified",
      "dependencies": {
        "ws": "8.18.3"
      },
      "devDependencies": {}
    },
    "packages/compose-fluent-starter-core-presentation": {
      "version": "0.0.0-unspecified",
      "devDependencies": {}
    },
    "packages/compose-fluent-starter-core-presentation-test": {
      "version": "0.0.0-unspecified",
      "devDependencies": {}
    },
    "packages/compose-fluent-starter-core-storage": {
      "version": "0.0.0-unspecified",
      "devDependencies": {}
    },
    "packages/compose-fluent-starter-core-storage-test": {
      "version": "0.0.0-unspecified",
      "devDependencies": {}
    },
    "packages/compose-fluent-starter-features-auth-presentation": {
      "version": "0.0.0-unspecified",
      "dependencies": {
        "@js-joda/core": "3.2.0"
      },
      "devDependencies": {}
    },
    "packages/compose-fluent-starter-features-auth-presentation-test": {
      "version": "0.0.0-unspecified",
      "dependencies": {
        "@js-joda/core": "3.2.0"
      },
      "devDependencies": {}
    },
    "packages/compose-fluent-starter-features-dashboard-data": {
      "version": "0.0.0-unspecified",
      "dependencies": {
        "ws": "8.18.3"
      },
      "devDependencies": {}
    },
    "packages/compose-fluent-starter-features-dashboard-data-test": {
      "version": "0.0.0-unspecified",
      "dependencies": {
        "ws": "8.18.3"
      },
      "devDependencies": {}
    },
    "packages/compose-fluent-starter-features-dashboard-domain": {
      "version": "0.0.0-unspecified",
      "devDependencies": {}
    },
    "packages/compose-fluent-starter-features-dashboard-domain-test": {
      "version": "0.0.0-unspecified",
      "devDependencies": {}
    },
    "packages/compose-fluent-starter-features-dashboard-presentation": {
      "version": "0.0.0-unspecified",
      "dependencies": {
        "@js-joda/core": "3.2.0"
      },
      "devDependencies": {}
    },
    "packages/compose-fluent-starter-features-dashboard-presentation-test": {
      "version": "0.0.0-unspecified",
      "dependencies": {
        "@js-joda/core": "3.2.0"
      },
      "devDependencies": {}
    },
    "packages/compose-fluent-starter-features-onboarding-data": {
      "version": "0.0.0-unspecified",
      "devDependencies": {}
    },
    "packages/compose-fluent-starter-features-onboarding-data-test": {
      "version": "0.0.0-unspecified",
      "devDependencies": {}
    },
    "packages/compose-fluent-starter-features-onboarding-domain": {
      "version": "0.0.0-unspecified",
      "devDependencies": {}
    },
    "packages/compose-fluent-starter-features-onboarding-domain-test": {
      "version": "0.0.0-unspecified",
      "devDependencies": {}
    },
    "packages/compose-fluent-starter-features-onboarding-presentation": {
      "version": "0.0.0-unspecified",
      "dependencies": {
        "@js-joda/core": "3.2.0"
      },
      "devDependencies": {}
    },
    "packages/compose-fluent-starter-features-onboarding-presentation-test": {
      "version": "0.0.0-unspecified",
      "dependencies": {
        "@js-joda/core": "3.2.0"
      },
      "devDependencies": {}
    },
    "packages/fluent-starter": {
      "version": "0.0.0-unspecified",
      "dependencies": {
        "@js-joda/core": "3.2.0",
        "ws": "8.18.3"
      },
      "devDependencies": {}
    },
    "packages/fluent-starter-test": {
      "version": "0.0.0-unspecified",
      "dependencies": {
        "@js-joda/core": "3.2.0",
        "ws": "8.18.3"
      },
      "devDependencies": {}
    }
  }
}
